
Microsoft Visual Studio Solution File, Format Version 12.00
# Visual Studio Version 17
VisualStudioVersion = 17.1.32328.378
MinimumVisualStudioVersion = 10.0.40219.1
Project("{FAE04EC0-301F-11D3-BF4B-00C04F79EFBC}") = "Blog.Balta", "Blog.Balta\Blog.Balta.csproj", "{F4D2086A-E0D9-44A2-A995-1E49CEB2FAF2}"
EndProject
Global
	GlobalSection(SolutionConfigurationPlatforms) = preSolution
		Debug|Any CPU = Debug|Any CPU
		Release|Any CPU = Release|Any CPU
	EndGlobalSection
	GlobalSection(ProjectConfigurationPlatforms) = postSolution
		{F4D2086A-E0D9-44A2-A995-1E49CEB2FAF2}.Debug|Any CPU.ActiveCfg = Debug|Any CPU
		{F4D2086A-E0D9-44A2-A995-1E49CEB2FAF2}.Debug|Any CPU.Build.0 = Debug|Any CPU
		{F4D2086A-E0D9-44A2-A995-1E49CEB2FAF2}.Release|Any CPU.ActiveCfg = Release|Any CPU
		{F4D2086A-E0D9-44A2-A995-1E49CEB2FAF2}.Release|Any CPU.Build.0 = Release|Any CPU
	EndGlobalSection
	GlobalSection(SolutionProperties) = preSolution
		HideSolutionNode = FALSE
	EndGlobalSection
	GlobalSection(ExtensibilityGlobals) = postSolution
		SolutionGuid = {3BA93843-B8D6-4720-8D00-76B65CCDE45D}
	EndGlobalSection
EndGlobal
